// !$*UTF8*$!
{
	archiveVersion = 1;
	classes = {
	};
	objectVersion = 60;
	objects = {

/* Begin PBXBuildFile section */
		A1B2C3D4E5F60001000001AA /* HoustonApp.swift in Sources */ = {isa = PBXBuildFile; fileRef = A1B2C3D4E5F60001000002AA /* HoustonApp.swift */; };
		A1B2C3D4E5F60001000003AA /* AppStore.swift in Sources */ = {isa = PBXBuildFile; fileRef = A1B2C3D4E5F60001000004AA /* AppStore.swift */; };
		A1B2C3D4E5F60001000005AA /* ContentView.swift in Sources */ = {isa = PBXBuildFile; fileRef = A1B2C3D4E5F60001000006AA /* ContentView.swift */; };
		A1B2C3D4E5F60001000007AA /* DetailView.swift in Sources */ = {isa = PBXBuildFile; fileRef = A1B2C3D4E5F60001000008AA /* DetailView.swift */; };
		A1B2C3D4E5F60001000009AA /* InspectorView.swift in Sources */ = {isa = PBXBuildFile; fileRef = A1B2C3D4E5F6000100000AAA /* InspectorView.swift */; };
		A1B2C3D4E5F6000100000BAA /* JobListView.swift in Sources */ = {isa = PBXBuildFile; fileRef = A1B2C3D4E5F6000100000CAA /* JobListView.swift */; };
		A1B2C3D4E5F6000100000DAA /* KeyPaletteView.swift in Sources */ = {isa = PBXBuildFile; fileRef = A1B2C3D4E5F6000100000EAA /* KeyPaletteView.swift */; };
		A1B2C3D4E5F6000100000FAA /* LogViewerView.swift in Sources */ = {isa = PBXBuildFile; fileRef = A1B2C3D4E5F60001000010AA /* LogViewerView.swift */; };
		A1B2C3D4E5F60001000011AA /* MenuBarWidget.swift in Sources */ = {isa = PBXBuildFile; fileRef = A1B2C3D4E5F60001000012AA /* MenuBarWidget.swift */; };
		A1B2C3D4E5F60001000013AA /* SidebarView.swift in Sources */ = {isa = PBXBuildFile; fileRef = A1B2C3D4E5F60001000014AA /* SidebarView.swift */; };
		A1B2C3D4E5F60001000015AA /* Assets.xcassets in Resources */ = {isa = PBXBuildFile; fileRef = A1B2C3D4E5F60001000016AA /* Assets.xcassets */; };
		A1B2C3D4E5F60001000026AA /* DockIcon.png in Resources */ = {isa = PBXBuildFile; fileRef = A1B2C3D4E5F60001000027AA /* DockIcon.png */; };
		A1B2C3D4E5F60001000017AA /* Models in Frameworks */ = {isa = PBXBuildFile; productRef = A1B2C3D4E5F60001000018AA /* Models */; };
		A1B2C3D4E5F60001000019AA /* LaunchdService in Frameworks */ = {isa = PBXBuildFile; productRef = A1B2C3D4E5F6000100001AAA /* LaunchdService */; };
		A1B2C3D4E5F6000100001BAA /* PrivilegedHelper in Frameworks */ = {isa = PBXBuildFile; productRef = A1B2C3D4E5F6000100001CAA /* PrivilegedHelper */; };
		A1B2C3D4E5F6000100001DAA /* JobAnalyzer in Frameworks */ = {isa = PBXBuildFile; productRef = A1B2C3D4E5F6000100001EAA /* JobAnalyzer */; };
		A1B2C3D4E5F6000100001FAA /* LogViewer in Frameworks */ = {isa = PBXBuildFile; productRef = A1B2C3D4E5F60001000020AA /* LogViewer */; };
		A1B2C3D4E5F60001000021AA /* PlistEditor in Frameworks */ = {isa = PBXBuildFile; productRef = A1B2C3D4E5F60001000022AA /* PlistEditor */; };
/* End PBXBuildFile section */

/* Begin PBXFileReference section */
		A1B2C3D4E5F60001000002AA /* HoustonApp.swift */ = {isa = PBXFileReference; lastKnownFileType = sourcecode.swift; path = HoustonApp.swift; sourceTree = "<group>"; };
		A1B2C3D4E5F60001000004AA /* AppStore.swift */ = {isa = PBXFileReference; lastKnownFileType = sourcecode.swift; path = AppStore.swift; sourceTree = "<group>"; };
		A1B2C3D4E5F60001000006AA /* ContentView.swift */ = {isa = PBXFileReference; lastKnownFileType = sourcecode.swift; path = ContentView.swift; sourceTree = "<group>"; };
		A1B2C3D4E5F60001000008AA /* DetailView.swift */ = {isa = PBXFileReference; lastKnownFileType = sourcecode.swift; path = DetailView.swift; sourceTree = "<group>"; };
		A1B2C3D4E5F6000100000AAA /* InspectorView.swift */ = {isa = PBXFileReference; lastKnownFileType = sourcecode.swift; path = InspectorView.swift; sourceTree = "<group>"; };
		A1B2C3D4E5F6000100000CAA /* JobListView.swift */ = {isa = PBXFileReference; lastKnownFileType = sourcecode.swift; path = JobListView.swift; sourceTree = "<group>"; };
		A1B2C3D4E5F6000100000EAA /* KeyPaletteView.swift */ = {isa = PBXFileReference; lastKnownFileType = sourcecode.swift; path = KeyPaletteView.swift; sourceTree = "<group>"; };
		A1B2C3D4E5F60001000010AA /* LogViewerView.swift */ = {isa = PBXFileReference; lastKnownFileType = sourcecode.swift; path = LogViewerView.swift; sourceTree = "<group>"; };
		A1B2C3D4E5F60001000012AA /* MenuBarWidget.swift */ = {isa = PBXFileReference; lastKnownFileType = sourcecode.swift; path = MenuBarWidget.swift; sourceTree = "<group>"; };
		A1B2C3D4E5F60001000014AA /* SidebarView.swift */ = {isa = PBXFileReference; lastKnownFileType = sourcecode.swift; path = SidebarView.swift; sourceTree = "<group>"; };
		A1B2C3D4E5F60001000016AA /* Assets.xcassets */ = {isa = PBXFileReference; lastKnownFileType = folder.assetcatalog; path = Assets.xcassets; sourceTree = "<group>"; };
		A1B2C3D4E5F60001000023AA /* Houston.entitlements */ = {isa = PBXFileReference; lastKnownFileType = text.plist.entitlements; path = Houston.entitlements; sourceTree = "<group>"; };
		A1B2C3D4E5F60001000024AA /* Houston.app */ = {isa = PBXFileReference; explicitFileType = wrapper.application; includeInIndex = 0; path = Houston.app; sourceTree = BUILT_PRODUCTS_DIR; };
		A1B2C3D4E5F60001000025AA /* HoustonKit */ = {isa = PBXFileReference; lastKnownFileType = wrapper; name = HoustonKit; path = HoustonKit; sourceTree = "<group>"; };
		A1B2C3D4E5F60001000027AA /* DockIcon.png */ = {isa = PBXFileReference; lastKnownFileType = image.png; path = DockIcon.png; sourceTree = "<group>"; };
/* End PBXFileReference section */

/* Begin PBXFrameworksBuildPhase section */
		A1B2C3D4E5F60001000030AA /* Frameworks */ = {
			isa = PBXFrameworksBuildPhase;
			buildActionMask = 2147483647;
			files = (
				A1B2C3D4E5F60001000017AA /* Models in Frameworks */,
				A1B2C3D4E5F60001000019AA /* LaunchdService in Frameworks */,
				A1B2C3D4E5F6000100001BAA /* PrivilegedHelper in Frameworks */,
				A1B2C3D4E5F6000100001DAA /* JobAnalyzer in Frameworks */,
				A1B2C3D4E5F6000100001FAA /* LogViewer in Frameworks */,
				A1B2C3D4E5F60001000021AA /* PlistEditor in Frameworks */,
			);
			runOnlyForDeploymentPostprocessing = 0;
		};
/* End PBXFrameworksBuildPhase section */

/* Begin PBXGroup section */
		A1B2C3D4E5F60001000040AA /* mainGroup */ = {
			isa = PBXGroup;
			children = (
				A1B2C3D4E5F60001000041AA /* Houston */,
				A1B2C3D4E5F60001000025AA /* HoustonKit */,
				A1B2C3D4E5F60001000042AA /* Products */,
			);
			sourceTree = "<group>";
		};
		A1B2C3D4E5F60001000041AA /* Houston */ = {
			isa = PBXGroup;
			children = (
				A1B2C3D4E5F60001000002AA /* HoustonApp.swift */,
				A1B2C3D4E5F60001000016AA /* Assets.xcassets */,
				A1B2C3D4E5F60001000023AA /* Houston.entitlements */,
				A1B2C3D4E5F60001000043AA /* Store */,
				A1B2C3D4E5F60001000044AA /* Views */,
				A1B2C3D4E5F60001000045AA /* Resources */,
			);
			path = Houston;
			sourceTree = "<group>";
		};
		A1B2C3D4E5F60001000045AA /* Resources */ = {
			isa = PBXGroup;
			children = (
				A1B2C3D4E5F60001000027AA /* DockIcon.png */,
			);
			path = Resources;
			sourceTree = "<group>";
		};
		A1B2C3D4E5F60001000042AA /* Products */ = {
			isa = PBXGroup;
			children = (
				A1B2C3D4E5F60001000024AA /* Houston.app */,
			);
			name = Products;
			sourceTree = "<group>";
		};
		A1B2C3D4E5F60001000043AA /* Store */ = {
			isa = PBXGroup;
			children = (
				A1B2C3D4E5F60001000004AA /* AppStore.swift */,
			);
			path = Store;
			sourceTree = "<group>";
		};
		A1B2C3D4E5F60001000044AA /* Views */ = {
			isa = PBXGroup;
			children = (
				A1B2C3D4E5F60001000006AA /* ContentView.swift */,
				A1B2C3D4E5F60001000008AA /* DetailView.swift */,
				A1B2C3D4E5F6000100000AAA /* InspectorView.swift */,
				A1B2C3D4E5F6000100000CAA /* JobListView.swift */,
				A1B2C3D4E5F6000100000EAA /* KeyPaletteView.swift */,
				A1B2C3D4E5F60001000010AA /* LogViewerView.swift */,
				A1B2C3D4E5F60001000012AA /* MenuBarWidget.swift */,
				A1B2C3D4E5F60001000014AA /* SidebarView.swift */,
			);
			path = Views;
			sourceTree = "<group>";
		};
/* End PBXGroup section */

/* Begin PBXNativeTarget section */
		A1B2C3D4E5F60001000050AA /* Houston */ = {
			isa = PBXNativeTarget;
			buildConfigurationList = A1B2C3D4E5F60001000070AA /* Build configuration list for PBXNativeTarget "Houston" */;
			buildPhases = (
				A1B2C3D4E5F60001000031AA /* Sources */,
				A1B2C3D4E5F60001000030AA /* Frameworks */,
				A1B2C3D4E5F60001000032AA /* Resources */,
			);
			buildRules = (
			);
			dependencies = (
			);
			name = Houston;
			packageProductDependencies = (
				A1B2C3D4E5F60001000018AA /* Models */,
				A1B2C3D4E5F6000100001AAA /* LaunchdService */,
				A1B2C3D4E5F6000100001CAA /* PrivilegedHelper */,
				A1B2C3D4E5F6000100001EAA /* JobAnalyzer */,
				A1B2C3D4E5F60001000020AA /* LogViewer */,
				A1B2C3D4E5F60001000022AA /* PlistEditor */,
			);
			productName = Houston;
			productReference = A1B2C3D4E5F60001000024AA /* Houston.app */;
			productType = "com.apple.product-type.application";
		};
/* End PBXNativeTarget section */

/* Begin PBXProject section */
		A1B2C3D4E5F60001000060AA /* Project object */ = {
			isa = PBXProject;
			attributes = {
				BuildIndependentTargetsInParallel = 1;
				LastSwiftUpdateCheck = 1600;
				LastUpgradeCheck = 1600;
			};
			buildConfigurationList = A1B2C3D4E5F60001000080AA /* Build configuration list for PBXProject "Houston" */;
			compatibilityVersion = "Xcode 15.0";
			developmentRegion = en;
			hasScannedForEncodings = 0;
			knownRegions = (
				en,
				Base,
			);
			mainGroup = A1B2C3D4E5F60001000040AA /* mainGroup */;
			packageReferences = (
				A1B2C3D4E5F60001000090AA /* XCLocalSwiftPackageReference "HoustonKit" */,
			);
			productRefGroup = A1B2C3D4E5F60001000042AA /* Products */;
			projectDirPath = "";
			projectRoot = "";
			targets = (
				A1B2C3D4E5F60001000050AA /* Houston */,
			);
		};
/* End PBXProject section */

/* Begin PBXResourcesBuildPhase section */
		A1B2C3D4E5F60001000032AA /* Resources */ = {
			isa = PBXResourcesBuildPhase;
			buildActionMask = 2147483647;
			files = (
				A1B2C3D4E5F60001000015AA /* Assets.xcassets in Resources */,
				A1B2C3D4E5F60001000026AA /* DockIcon.png in Resources */,
			);
			runOnlyForDeploymentPostprocessing = 0;
		};
/* End PBXResourcesBuildPhase section */

/* Begin PBXSourcesBuildPhase section */
		A1B2C3D4E5F60001000031AA /* Sources */ = {
			isa = PBXSourcesBuildPhase;
			buildActionMask = 2147483647;
			files = (
				A1B2C3D4E5F60001000001AA /* HoustonApp.swift in Sources */,
				A1B2C3D4E5F60001000003AA /* AppStore.swift in Sources */,
				A1B2C3D4E5F60001000005AA /* ContentView.swift in Sources */,
				A1B2C3D4E5F60001000007AA /* DetailView.swift in Sources */,
				A1B2C3D4E5F60001000009AA /* InspectorView.swift in Sources */,
				A1B2C3D4E5F6000100000BAA /* JobListView.swift in Sources */,
				A1B2C3D4E5F6000100000DAA /* KeyPaletteView.swift in Sources */,
				A1B2C3D4E5F6000100000FAA /* LogViewerView.swift in Sources */,
				A1B2C3D4E5F60001000011AA /* MenuBarWidget.swift in Sources */,
				A1B2C3D4E5F60001000013AA /* SidebarView.swift in Sources */,
			);
			runOnlyForDeploymentPostprocessing = 0;
		};
/* End PBXSourcesBuildPhase section */

/* Begin XCBuildConfiguration section */
		A1B2C3D4E5F600010000A1AA /* Debug */ = {
			isa = XCBuildConfiguration;
			buildSettings = {
				ALWAYS_SEARCH_USER_PATHS = NO;
				CLANG_ANALYZER_NONNULL = YES;
				CLANG_ANALYZER_NUMBER_OBJECT_CONVERSION = YES_AGGRESSIVE;
				CLANG_CXX_LANGUAGE_STANDARD = "gnu++20";
				CLANG_ENABLE_MODULES = YES;
				CLANG_ENABLE_OBJC_ARC = YES;
				CLANG_ENABLE_OBJC_WEAK = YES;
				CLANG_WARN_BLOCK_CAPTURE_AUTORELEASING = YES;
				CLANG_WARN_BOOL_CONVERSION = YES;
				CLANG_WARN_COMMA = YES;
				CLANG_WARN_CONSTANT_CONVERSION = YES;
				CLANG_WARN_DEPRECATED_OBJC_IMPLEMENTATIONS = YES;
				CLANG_WARN_DIRECT_OBJC_ISA_USAGE = YES_ERROR;
				CLANG_WARN_DOCUMENTATION_COMMENTS = YES;
				CLANG_WARN_EMPTY_BODY = YES;
				CLANG_WARN_ENUM_CONVERSION = YES;
				CLANG_WARN_INFINITE_RECURSION = YES;
				CLANG_WARN_INT_CONVERSION = YES;
				CLANG_WARN_NON_LITERAL_NULL_CONVERSION = YES;
				CLANG_WARN_OBJC_IMPLICIT_RETAIN_SELF = YES;
				CLANG_WARN_OBJC_LITERAL_CONVERSION = YES;
				CLANG_WARN_OBJC_ROOT_CLASS = YES_ERROR;
				CLANG_WARN_QUOTED_INCLUDE_IN_FRAMEWORK_HEADER = YES;
				CLANG_WARN_RANGE_LOOP_ANALYSIS = YES;
				CLANG_WARN_STRICT_PROTOTYPES = YES;
				CLANG_WARN_SUSPICIOUS_MOVE = YES;
				CLANG_WARN_UNGUARDED_AVAILABILITY = YES_AGGRESSIVE;
				CLANG_WARN_UNREACHABLE_CODE = YES;
				CLANG_WARN__DUPLICATE_METHOD_MATCH = YES;
				COPY_PHASE_STRIP = NO;
				DEBUG_INFORMATION_FORMAT = dwarf;
				ENABLE_STRICT_OBJC_MSGSEND = YES;
				ENABLE_TESTABILITY = YES;
				ENABLE_USER_SCRIPT_SANDBOXING = NO;
				GCC_C_LANGUAGE_STANDARD = gnu17;
				GCC_DYNAMIC_NO_PIC = NO;
				GCC_NO_COMMON_BLOCKS = YES;
				GCC_OPTIMIZATION_LEVEL = 0;
				GCC_PREPROCESSOR_DEFINITIONS = (
					"DEBUG=1",
					"$(inherited)",
				);
				GCC_WARN_64_TO_32_BIT_CONVERSION = YES;
				GCC_WARN_ABOUT_RETURN_TYPE = YES_ERROR;
				GCC_WARN_UNDECLARED_SELECTOR = YES;
				GCC_WARN_UNINITIALIZED_AUTOS = YES_AGGRESSIVE;
				GCC_WARN_UNUSED_FUNCTION = YES;
				GCC_WARN_UNUSED_VARIABLE = YES;
				MACOSX_DEPLOYMENT_TARGET = 14.0;
				MTL_ENABLE_DEBUG_INFO = INCLUDE_SOURCE;
				MTL_FAST_MATH = YES;
				ONLY_ACTIVE_ARCH = YES;
				SDKROOT = macosx;
				SWIFT_ACTIVE_COMPILATION_CONDITIONS = "$(inherited) DEBUG";
				SWIFT_OPTIMIZATION_LEVEL = "-Onone";
			};
			name = Debug;
		};
		A1B2C3D4E5F600010000A2AA /* Release */ = {
			isa = XCBuildConfiguration;
			buildSettings = {
				ALWAYS_SEARCH_USER_PATHS = NO;
				CLANG_ANALYZER_NONNULL = YES;
				CLANG_ANALYZER_NUMBER_OBJECT_CONVERSION = YES_AGGRESSIVE;
				CLANG_CXX_LANGUAGE_STANDARD = "gnu++20";
				CLANG_ENABLE_MODULES = YES;
				CLANG_ENABLE_OBJC_ARC = YES;
				CLANG_ENABLE_OBJC_WEAK = YES;
				CLANG_WARN_BLOCK_CAPTURE_AUTORELEASING = YES;
				CLANG_WARN_BOOL_CONVERSION = YES;
				CLANG_WARN_COMMA = YES;
				CLANG_WARN_CONSTANT_CONVERSION = YES;
				CLANG_WARN_DEPRECATED_OBJC_IMPLEMENTATIONS = YES;
				CLANG_WARN_DIRECT_OBJC_ISA_USAGE = YES_ERROR;
				CLANG_WARN_DOCUMENTATION_COMMENTS = YES;
				CLANG_WARN_EMPTY_BODY = YES;
				CLANG_WARN_ENUM_CONVERSION = YES;
				CLANG_WARN_INFINITE_RECURSION = YES;
				CLANG_WARN_INT_CONVERSION = YES;
				CLANG_WARN_NON_LITERAL_NULL_CONVERSION = YES;
				CLANG_WARN_OBJC_IMPLICIT_RETAIN_SELF = YES;
				CLANG_WARN_OBJC_LITERAL_CONVERSION = YES;
				CLANG_WARN_OBJC_ROOT_CLASS = YES_ERROR;
				CLANG_WARN_QUOTED_INCLUDE_IN_FRAMEWORK_HEADER = YES;
				CLANG_WARN_RANGE_LOOP_ANALYSIS = YES;
				CLANG_WARN_STRICT_PROTOTYPES = YES;
				CLANG_WARN_SUSPICIOUS_MOVE = YES;
				CLANG_WARN_UNGUARDED_AVAILABILITY = YES_AGGRESSIVE;
				CLANG_WARN_UNREACHABLE_CODE = YES;
				CLANG_WARN__DUPLICATE_METHOD_MATCH = YES;
				COPY_PHASE_STRIP = NO;
				DEBUG_INFORMATION_FORMAT = "dwarf-with-dsym";
				ENABLE_NS_ASSERTIONS = NO;
				ENABLE_STRICT_OBJC_MSGSEND = YES;
				ENABLE_USER_SCRIPT_SANDBOXING = NO;
				GCC_C_LANGUAGE_STANDARD = gnu17;
				GCC_NO_COMMON_BLOCKS = YES;
				GCC_WARN_64_TO_32_BIT_CONVERSION = YES;
				GCC_WARN_ABOUT_RETURN_TYPE = YES_ERROR;
				GCC_WARN_UNDECLARED_SELECTOR = YES;
				GCC_WARN_UNINITIALIZED_AUTOS = YES_AGGRESSIVE;
				GCC_WARN_UNUSED_FUNCTION = YES;
				GCC_WARN_UNUSED_VARIABLE = YES;
				MACOSX_DEPLOYMENT_TARGET = 14.0;
				MTL_FAST_MATH = YES;
				SDKROOT = macosx;
				SWIFT_COMPILATION_MODE = wholemodule;
				SWIFT_OPTIMIZATION_LEVEL = "-O";
			};
			name = Release;
		};
		A1B2C3D4E5F600010000B1AA /* Debug */ = {
			isa = XCBuildConfiguration;
			buildSettings = {
				ASSETCATALOG_COMPILER_APPICON_NAME = AppIcon;
				ASSETCATALOG_COMPILER_GLOBAL_ACCENT_COLOR_NAME = AccentColor;
				CODE_SIGN_ENTITLEMENTS = Houston/HoustonDebug.entitlements;
				CODE_SIGN_STYLE = Automatic;
				COMBINE_HIDPI_IMAGES = YES;
				CURRENT_PROJECT_VERSION = 1;
				ENABLE_USER_SCRIPT_SANDBOXING = NO;
				GENERATE_INFOPLIST_FILE = YES;
				INFOPLIST_KEY_NSHumanReadableCopyright = "© 2026 Quantizor Ventures";
				INFOPLIST_KEY_NSMainStoryboardFile = "";
				INFOPLIST_KEY_NSPrincipalClass = NSApplication;
				LD_RUNPATH_SEARCH_PATHS = (
					"$(inherited)",
					"@executable_path/../Frameworks",
				);
				MACOSX_DEPLOYMENT_TARGET = 14.0;
				MARKETING_VERSION = 1.0;
				PRODUCT_BUNDLE_IDENTIFIER = "com.houston.app";
				PRODUCT_NAME = "$(TARGET_NAME)";
				SWIFT_EMIT_LOC_STRINGS = YES;
				SWIFT_STRICT_CONCURRENCY = complete;
				SWIFT_VERSION = 6.0;
			};
			name = Debug;
		};
		A1B2C3D4E5F600010000B2AA /* Release */ = {
			isa = XCBuildConfiguration;
			buildSettings = {
				ASSETCATALOG_COMPILER_APPICON_NAME = AppIcon;
				ASSETCATALOG_COMPILER_GLOBAL_ACCENT_COLOR_NAME = AccentColor;
				CODE_SIGN_ENTITLEMENTS = Houston/Houston.entitlements;
				CODE_SIGN_STYLE = Automatic;
				COMBINE_HIDPI_IMAGES = YES;
				CURRENT_PROJECT_VERSION = 1;
				ENABLE_USER_SCRIPT_SANDBOXING = NO;
				GENERATE_INFOPLIST_FILE = YES;
				INFOPLIST_KEY_NSHumanReadableCopyright = "© 2026 Quantizor Ventures";
				INFOPLIST_KEY_NSMainStoryboardFile = "";
				INFOPLIST_KEY_NSPrincipalClass = NSApplication;
				LD_RUNPATH_SEARCH_PATHS = (
					"$(inherited)",
					"@executable_path/../Frameworks",
				);
				MACOSX_DEPLOYMENT_TARGET = 14.0;
				MARKETING_VERSION = 1.0;
				PRODUCT_BUNDLE_IDENTIFIER = "com.houston.app";
				PRODUCT_NAME = "$(TARGET_NAME)";
				SWIFT_EMIT_LOC_STRINGS = YES;
				SWIFT_STRICT_CONCURRENCY = complete;
				SWIFT_VERSION = 6.0;
			};
			name = Release;
		};
/* End XCBuildConfiguration section */

/* Begin XCConfigurationList section */
		A1B2C3D4E5F60001000070AA /* Build configuration list for PBXNativeTarget "Houston" */ = {
			isa = XCConfigurationList;
			buildConfigurations = (
				A1B2C3D4E5F600010000B1AA /* Debug */,
				A1B2C3D4E5F600010000B2AA /* Release */,
			);
			defaultConfigurationIsVisible = 0;
			defaultConfigurationName = Release;
		};
		A1B2C3D4E5F60001000080AA /* Build configuration list for PBXProject "Houston" */ = {
			isa = XCConfigurationList;
			buildConfigurations = (
				A1B2C3D4E5F600010000A1AA /* Debug */,
				A1B2C3D4E5F600010000A2AA /* Release */,
			);
			defaultConfigurationIsVisible = 0;
			defaultConfigurationName = Release;
		};
/* End XCConfigurationList section */

/* Begin XCLocalSwiftPackageReference section */
		A1B2C3D4E5F60001000090AA /* XCLocalSwiftPackageReference "HoustonKit" */ = {
			isa = XCLocalSwiftPackageReference;
			relativePath = HoustonKit;
		};
/* End XCLocalSwiftPackageReference section */

/* Begin XCSwiftPackageProductDependency section */
		A1B2C3D4E5F60001000018AA /* Models */ = {
			isa = XCSwiftPackageProductDependency;
			productName = Models;
		};
		A1B2C3D4E5F6000100001AAA /* LaunchdService */ = {
			isa = XCSwiftPackageProductDependency;
			productName = LaunchdService;
		};
		A1B2C3D4E5F6000100001CAA /* PrivilegedHelper */ = {
			isa = XCSwiftPackageProductDependency;
			productName = PrivilegedHelper;
		};
		A1B2C3D4E5F6000100001EAA /* JobAnalyzer */ = {
			isa = XCSwiftPackageProductDependency;
			productName = JobAnalyzer;
		};
		A1B2C3D4E5F60001000020AA /* LogViewer */ = {
			isa = XCSwiftPackageProductDependency;
			productName = LogViewer;
		};
		A1B2C3D4E5F60001000022AA /* PlistEditor */ = {
			isa = XCSwiftPackageProductDependency;
			productName = PlistEditor;
		};
/* End XCSwiftPackageProductDependency section */
	};
	rootObject = A1B2C3D4E5F60001000060AA /* Project object */;
}
